
Microsoft Visual Studio Solution File, Format Version 12.00
# Visual Studio Version 17
VisualStudioVersion = 17.4.33110.190
MinimumVisualStudioVersion = 10.0.40219.1
Project("{FAE04EC0-301F-11D3-BF4B-00C04F79EFBC}") = "Xadrez", "Xadrez\Xadrez.csproj", "{025354A6-DEC6-47DC-8C84-C44DC72C6D95}"
EndProject
Global
	GlobalSection(SolutionConfigurationPlatforms) = preSolution
		Debug|Any CPU = Debug|Any CPU
		Release|Any CPU = Release|Any CPU
	EndGlobalSection
	GlobalSection(ProjectConfigurationPlatforms) = postSolution
		{025354A6-DEC6-47DC-8C84-C44DC72C6D95}.Debug|Any CPU.ActiveCfg = Debug|Any CPU
		{025354A6-DEC6-47DC-8C84-C44DC72C6D95}.Debug|Any CPU.Build.0 = Debug|Any CPU
		{025354A6-DEC6-47DC-8C84-C44DC72C6D95}.Release|Any CPU.ActiveCfg = Release|Any CPU
		{025354A6-DEC6-47DC-8C84-C44DC72C6D95}.Release|Any CPU.Build.0 = Release|Any CPU
	EndGlobalSection
	GlobalSection(SolutionProperties) = preSolution
		HideSolutionNode = FALSE
	EndGlobalSection
	GlobalSection(ExtensibilityGlobals) = postSolution
		SolutionGuid = {414EDD16-D1D8-4C0F-86E8-0ED8C45A0529}
	EndGlobalSection
EndGlobal
